
Microsoft Visual Studio Solution File, Format Version 12.00
# Visual Studio Version 17
VisualStudioVersion = 17.0.31521.260
MinimumVisualStudioVersion = 10.0.40219.1
Project("{2150E333-8FDC-42A3-9474-1A3956D46DE8}") = "Solution Items", "Solution Items", "{FBA56448-2C53-4DAD-9563-80E7BD430DBC}"
	ProjectSection(SolutionItems) = preProject
		..\package-index.private.key = ..\package-index.private.key
		..\package-index.public.key = ..\package-index.public.key
	EndProjectSection
EndProject
Project("{2150E333-8FDC-42A3-9474-1A3956D46DE8}") = "Plugins", "Plugins", "{990B590B-2000-45FC-9B31-8E58D9C6C0F9}"
EndProject
Project("{2150E333-8FDC-42A3-9474-1A3956D46DE8}") = "Core", "Core", "{D15D6503-40F1-42C7-B2A7-4CEC51A553DA}"
EndProject
Project("{2150E333-8FDC-42A3-9474-1A3956D46DE8}") = "Service Integrations", "Service Integrations", "{B4779487-132B-4E15-B23A-EBA19A2FEB6B}"
EndProject
Project("{2150E333-8FDC-42A3-9474-1A3956D46DE8}") = "Tools", "Tools", "{38629EEF-5B3B-47CF-BD23-42EDA90E3138}"
EndProject
Project("{9A19103F-16F7-4668-BE54-9A1E7A4F7556}") = "PluginTestClient", "Tools\PluginTestClient\PluginTestClient.csproj", "{DF5A9625-73C7-44C8-B65F-FD6F375BA8E1}"
EndProject
Project("{9A19103F-16F7-4668-BE54-9A1E7A4F7556}") = "SOSPackaging", "Tools\SOSPackaging\SOSPackaging.csproj", "{108275B0-37B3-42B6-8D20-D579641FED8B}"
EndProject
Project("{9A19103F-16F7-4668-BE54-9A1E7A4F7556}") = "SecOpsSteward.Plugins.Azure.AppServices", "Plugins\SecOpsSteward.Plugins.Azure.AppServices\SecOpsSteward.Plugins.Azure.AppServices.csproj", "{FFBE384D-C49E-4F9A-B631-AA7A81A93AD4}"
EndProject
Project("{9A19103F-16F7-4668-BE54-9A1E7A4F7556}") = "SecOpsSteward.Plugins.Azure.KeyVault", "Plugins\SecOpsSteward.Plugins.Azure.KeyVault\SecOpsSteward.Plugins.Azure.KeyVault.csproj", "{59623A3F-DA9F-4E4B-9033-73DE276C74D6}"
EndProject
Project("{9A19103F-16F7-4668-BE54-9A1E7A4F7556}") = "SecOpsSteward.Plugins.Azure.Storage", "Plugins\SecOpsSteward.Plugins.Azure.Storage\SecOpsSteward.Plugins.Azure.Storage.csproj", "{6D8DF211-6AA3-41C3-8147-91392A338353}"
EndProject
Project("{9A19103F-16F7-4668-BE54-9A1E7A4F7556}") = "SecOpsSteward.Plugins", "Core\SecOpsSteward.Plugins\SecOpsSteward.Plugins.csproj", "{17B209D6-6C1A-40BD-B60C-D6980FC4CF24}"
EndProject
Project("{9A19103F-16F7-4668-BE54-9A1E7A4F7556}") = "SecOpsSteward.Plugins.Azure", "Core\SecOpsSteward.Plugins.Azure\SecOpsSteward.Plugins.Azure.csproj", "{DC27B75E-9E45-4D5C-AC41-ABEB22F9F8CD}"
EndProject
Project("{9A19103F-16F7-4668-BE54-9A1E7A4F7556}") = "SecOpsSteward.Shared", "Core\SecOpsSteward.Shared\SecOpsSteward.Shared.csproj", "{CB51AAE7-3BB3-40F3-8DEF-E634E13D6522}"
EndProject
Project("{9A19103F-16F7-4668-BE54-9A1E7A4F7556}") = "SecOpsSteward.Integrations.Azure", "ServiceIntegrations\SecOpsSteward.Integrations.Azure\SecOpsSteward.Integrations.Azure.csproj", "{031475E9-5EFF-40DE-B465-26726C3AD239}"
EndProject
Project("{2150E333-8FDC-42A3-9474-1A3956D46DE8}") = "UI", "UI", "{76CCCBB8-6AD0-4EEF-AED9-D317658CB7DD}"
EndProject
Project("{9A19103F-16F7-4668-BE54-9A1E7A4F7556}") = "SecOpsSteward.UI", "UI\SecOpsSteward.UI\SecOpsSteward.UI.csproj", "{089E1FFA-4971-484A-8758-AE3A81FB997D}"
EndProject
Project("{9A19103F-16F7-4668-BE54-9A1E7A4F7556}") = "SecOpsSteward.Data", "UI\SecOpsSteward.Data\SecOpsSteward.Data.csproj", "{8CC77836-F14F-457A-BFB8-5A85B7EA77DD}"
EndProject
Project("{2150E333-8FDC-42A3-9474-1A3956D46DE8}") = "Agents", "Agents", "{C0D8198C-F976-41FE-9D3C-63D75B28531F}"
EndProject
Project("{9A19103F-16F7-4668-BE54-9A1E7A4F7556}") = "SecOpsSteward.Coordinator.AzureFunctions", "Agents\SecOpsSteward.Coordinator.AzureFunctions\SecOpsSteward.Coordinator.AzureFunctions.csproj", "{38B80234-022F-4C5E-9F78-B74B48D3223C}"
EndProject
Project("{9A19103F-16F7-4668-BE54-9A1E7A4F7556}") = "SecOpsSteward.UI.WebJob", "Agents\SecOpsSteward.UI.WebJob\SecOpsSteward.UI.WebJob.csproj", "{EE4549E5-A8FA-4F06-AB69-056186C5999D}"
EndProject
Project("{FAE04EC0-301F-11D3-BF4B-00C04F79EFBC}") = "SecOpsSteward.Plugins.DeveloperExample", "SecOpsSteward.Plugins.DeveloperExample\SecOpsSteward.Plugins.DeveloperExample.csproj", "{6DEC9EF5-D700-4F66-AFF0-3D6204DC412B}"
EndProject
Global
	GlobalSection(SolutionConfigurationPlatforms) = preSolution
		Debug|Any CPU = Debug|Any CPU
		Release|Any CPU = Release|Any CPU
	EndGlobalSection
	GlobalSection(ProjectConfigurationPlatforms) = postSolution
		{DF5A9625-73C7-44C8-B65F-FD6F375BA8E1}.Debug|Any CPU.ActiveCfg = Debug|Any CPU
		{DF5A9625-73C7-44C8-B65F-FD6F375BA8E1}.Debug|Any CPU.Build.0 = Debug|Any CPU
		{DF5A9625-73C7-44C8-B65F-FD6F375BA8E1}.Release|Any CPU.ActiveCfg = Release|Any CPU
		{DF5A9625-73C7-44C8-B65F-FD6F375BA8E1}.Release|Any CPU.Build.0 = Release|Any CPU
		{108275B0-37B3-42B6-8D20-D579641FED8B}.Debug|Any CPU.ActiveCfg = Debug|Any CPU
		{108275B0-37B3-42B6-8D20-D579641FED8B}.Debug|Any CPU.Build.0 = Debug|Any CPU
		{108275B0-37B3-42B6-8D20-D579641FED8B}.Release|Any CPU.ActiveCfg = Release|Any CPU
		{108275B0-37B3-42B6-8D20-D579641FED8B}.Release|Any CPU.Build.0 = Release|Any CPU
		{FFBE384D-C49E-4F9A-B631-AA7A81A93AD4}.Debug|Any CPU.ActiveCfg = Debug|Any CPU
		{FFBE384D-C49E-4F9A-B631-AA7A81A93AD4}.Debug|Any CPU.Build.0 = Debug|Any CPU
		{FFBE384D-C49E-4F9A-B631-AA7A81A93AD4}.Release|Any CPU.ActiveCfg = Release|Any CPU
		{FFBE384D-C49E-4F9A-B631-AA7A81A93AD4}.Release|Any CPU.Build.0 = Release|Any CPU
		{59623A3F-DA9F-4E4B-9033-73DE276C74D6}.Debug|Any CPU.ActiveCfg = Debug|Any CPU
		{59623A3F-DA9F-4E4B-9033-73DE276C74D6}.Debug|Any CPU.Build.0 = Debug|Any CPU
		{59623A3F-DA9F-4E4B-9033-73DE276C74D6}.Release|Any CPU.ActiveCfg = Release|Any CPU
		{59623A3F-DA9F-4E4B-9033-73DE276C74D6}.Release|Any CPU.Build.0 = Release|Any CPU
		{6D8DF211-6AA3-41C3-8147-91392A338353}.Debug|Any CPU.ActiveCfg = Debug|Any CPU
		{6D8DF211-6AA3-41C3-8147-91392A338353}.Debug|Any CPU.Build.0 = Debug|Any CPU
		{6D8DF211-6AA3-41C3-8147-91392A338353}.Release|Any CPU.ActiveCfg = Release|Any CPU
		{6D8DF211-6AA3-41C3-8147-91392A338353}.Release|Any CPU.Build.0 = Release|Any CPU
		{17B209D6-6C1A-40BD-B60C-D6980FC4CF24}.Debug|Any CPU.ActiveCfg = Debug|Any CPU
		{17B209D6-6C1A-40BD-B60C-D6980FC4CF24}.Debug|Any CPU.Build.0 = Debug|Any CPU
		{17B209D6-6C1A-40BD-B60C-D6980FC4CF24}.Release|Any CPU.ActiveCfg = Release|Any CPU
		{17B209D6-6C1A-40BD-B60C-D6980FC4CF24}.Release|Any CPU.Build.0 = Release|Any CPU
		{DC27B75E-9E45-4D5C-AC41-ABEB22F9F8CD}.Debug|Any CPU.ActiveCfg = Debug|Any CPU
		{DC27B75E-9E45-4D5C-AC41-ABEB22F9F8CD}.Debug|Any CPU.Build.0 = Debug|Any CPU
		{DC27B75E-9E45-4D5C-AC41-ABEB22F9F8CD}.Release|Any CPU.ActiveCfg = Release|Any CPU
		{DC27B75E-9E45-4D5C-AC41-ABEB22F9F8CD}.Release|Any CPU.Build.0 = Release|Any CPU
		{CB51AAE7-3BB3-40F3-8DEF-E634E13D6522}.Debug|Any CPU.ActiveCfg = Debug|Any CPU
		{CB51AAE7-3BB3-40F3-8DEF-E634E13D6522}.Debug|Any CPU.Build.0 = Debug|Any CPU
		{CB51AAE7-3BB3-40F3-8DEF-E634E13D6522}.Release|Any CPU.ActiveCfg = Release|Any CPU
		{CB51AAE7-3BB3-40F3-8DEF-E634E13D6522}.Release|Any CPU.Build.0 = Release|Any CPU
		{031475E9-5EFF-40DE-B465-26726C3AD239}.Debug|Any CPU.ActiveCfg = Debug|Any CPU
		{031475E9-5EFF-40DE-B465-26726C3AD239}.Debug|Any CPU.Build.0 = Debug|Any CPU
		{031475E9-5EFF-40DE-B465-26726C3AD239}.Release|Any CPU.ActiveCfg = Release|Any CPU
		{031475E9-5EFF-40DE-B465-26726C3AD239}.Release|Any CPU.Build.0 = Release|Any CPU
		{089E1FFA-4971-484A-8758-AE3A81FB997D}.Debug|Any CPU.ActiveCfg = Debug|Any CPU
		{089E1FFA-4971-484A-8758-AE3A81FB997D}.Debug|Any CPU.Build.0 = Debug|Any CPU
		{089E1FFA-4971-484A-8758-AE3A81FB997D}.Release|Any CPU.ActiveCfg = Release|Any CPU
		{089E1FFA-4971-484A-8758-AE3A81FB997D}.Release|Any CPU.Build.0 = Release|Any CPU
		{8CC77836-F14F-457A-BFB8-5A85B7EA77DD}.Debug|Any CPU.ActiveCfg = Debug|Any CPU
		{8CC77836-F14F-457A-BFB8-5A85B7EA77DD}.Debug|Any CPU.Build.0 = Debug|Any CPU
		{8CC77836-F14F-457A-BFB8-5A85B7EA77DD}.Release|Any CPU.ActiveCfg = Release|Any CPU
		{8CC77836-F14F-457A-BFB8-5A85B7EA77DD}.Release|Any CPU.Build.0 = Release|Any CPU
		{38B80234-022F-4C5E-9F78-B74B48D3223C}.Debug|Any CPU.ActiveCfg = Debug|Any CPU
		{38B80234-022F-4C5E-9F78-B74B48D3223C}.Debug|Any CPU.Build.0 = Debug|Any CPU
		{38B80234-022F-4C5E-9F78-B74B48D3223C}.Release|Any CPU.ActiveCfg = Release|Any CPU
		{38B80234-022F-4C5E-9F78-B74B48D3223C}.Release|Any CPU.Build.0 = Release|Any CPU
		{EE4549E5-A8FA-4F06-AB69-056186C5999D}.Debug|Any CPU.ActiveCfg = Debug|Any CPU
		{EE4549E5-A8FA-4F06-AB69-056186C5999D}.Debug|Any CPU.Build.0 = Debug|Any CPU
		{EE4549E5-A8FA-4F06-AB69-056186C5999D}.Release|Any CPU.ActiveCfg = Release|Any CPU
		{EE4549E5-A8FA-4F06-AB69-056186C5999D}.Release|Any CPU.Build.0 = Release|Any CPU
		{6DEC9EF5-D700-4F66-AFF0-3D6204DC412B}.Debug|Any CPU.ActiveCfg = Debug|Any CPU
		{6DEC9EF5-D700-4F66-AFF0-3D6204DC412B}.Debug|Any CPU.Build.0 = Debug|Any CPU
		{6DEC9EF5-D700-4F66-AFF0-3D6204DC412B}.Release|Any CPU.ActiveCfg = Release|Any CPU
		{6DEC9EF5-D700-4F66-AFF0-3D6204DC412B}.Release|Any CPU.Build.0 = Release|Any CPU
	EndGlobalSection
	GlobalSection(SolutionProperties) = preSolution
		HideSolutionNode = FALSE
	EndGlobalSection
	GlobalSection(NestedProjects) = preSolution
		{DF5A9625-73C7-44C8-B65F-FD6F375BA8E1} = {38629EEF-5B3B-47CF-BD23-42EDA90E3138}
		{108275B0-37B3-42B6-8D20-D579641FED8B} = {38629EEF-5B3B-47CF-BD23-42EDA90E3138}
		{FFBE384D-C49E-4F9A-B631-AA7A81A93AD4} = {990B590B-2000-45FC-9B31-8E58D9C6C0F9}
		{59623A3F-DA9F-4E4B-9033-73DE276C74D6} = {990B590B-2000-45FC-9B31-8E58D9C6C0F9}
		{6D8DF211-6AA3-41C3-8147-91392A338353} = {990B590B-2000-45FC-9B31-8E58D9C6C0F9}
		{17B209D6-6C1A-40BD-B60C-D6980FC4CF24} = {D15D6503-40F1-42C7-B2A7-4CEC51A553DA}
		{DC27B75E-9E45-4D5C-AC41-ABEB22F9F8CD} = {D15D6503-40F1-42C7-B2A7-4CEC51A553DA}
		{CB51AAE7-3BB3-40F3-8DEF-E634E13D6522} = {D15D6503-40F1-42C7-B2A7-4CEC51A553DA}
		{031475E9-5EFF-40DE-B465-26726C3AD239} = {B4779487-132B-4E15-B23A-EBA19A2FEB6B}
		{089E1FFA-4971-484A-8758-AE3A81FB997D} = {76CCCBB8-6AD0-4EEF-AED9-D317658CB7DD}
		{8CC77836-F14F-457A-BFB8-5A85B7EA77DD} = {76CCCBB8-6AD0-4EEF-AED9-D317658CB7DD}
		{38B80234-022F-4C5E-9F78-B74B48D3223C} = {C0D8198C-F976-41FE-9D3C-63D75B28531F}
		{EE4549E5-A8FA-4F06-AB69-056186C5999D} = {C0D8198C-F976-41FE-9D3C-63D75B28531F}
		{6DEC9EF5-D700-4F66-AFF0-3D6204DC412B} = {990B590B-2000-45FC-9B31-8E58D9C6C0F9}
	EndGlobalSection
	GlobalSection(ExtensibilityGlobals) = postSolution
		SolutionGuid = {1E0DADCA-27ED-4885-88CD-26544BF78B4F}
	EndGlobalSection
EndGlobal
