
Microsoft Visual Studio Solution File, Format Version 12.00
# Visual Studio Version 17
VisualStudioVersion = 17.0.31521.260
MinimumVisualStudioVersion = 10.0.40219.1
Project("{2150E333-8FDC-42A3-9474-1A3956D46DE8}") = "Solution Items", "Solution Items", "{FBA56448-2C53-4DAD-9563-80E7BD430DBC}"
	ProjectSection(SolutionItems) = preProject
		..\package-index.private.key = ..\package-index.private.key
		..\package-index.public.key = ..\package-index.public.key
	EndProjectSection
EndProject
Project("{2150E333-8FDC-42A3-9474-1A3956D46DE8}") = "Plugins", "Plugins", "{990B590B-2000-45FC-9B31-8E58D9C6C0F9}"
EndProject
Project("{2150E333-8FDC-42A3-9474-1A3956D46DE8}") = "Service Integrations", "Service Integrations", "{B4779487-132B-4E15-B23A-EBA19A2FEB6B}"
EndProject
Project("{2150E333-8FDC-42A3-9474-1A3956D46DE8}") = "Tools", "Tools", "{38629EEF-5B3B-47CF-BD23-42EDA90E3138}"
EndProject
Project("{9A19103F-16F7-4668-BE54-9A1E7A4F7556}") = "PluginTestClient", "Tools\PluginTestClient\PluginTestClient.csproj", "{DF5A9625-73C7-44C8-B65F-FD6F375BA8E1}"
EndProject
Project("{9A19103F-16F7-4668-BE54-9A1E7A4F7556}") = "SOSPackaging", "Tools\SOSPackaging\SOSPackaging.csproj", "{108275B0-37B3-42B6-8D20-D579641FED8B}"
EndProject
Project("{2150E333-8FDC-42A3-9474-1A3956D46DE8}") = "UI", "UI", "{76CCCBB8-6AD0-4EEF-AED9-D317658CB7DD}"
EndProject
Project("{2150E333-8FDC-42A3-9474-1A3956D46DE8}") = "Agents", "Agents", "{C0D8198C-F976-41FE-9D3C-63D75B28531F}"
EndProject
Project("{9A19103F-16F7-4668-BE54-9A1E7A4F7556}") = "SecOpsSteward.Tests.Core", "Tests\SecOpsSteward.Tests.Core\SecOpsSteward.Tests.Core.csproj", "{2F43EAA7-396F-4795-AA1B-7616EC65F6B4}"
EndProject
Project("{2150E333-8FDC-42A3-9474-1A3956D46DE8}") = "Tests", "Tests", "{2ED9A5CD-647B-4C00-9838-59878DAAD57F}"
EndProject
Project("{9A19103F-16F7-4668-BE54-9A1E7A4F7556}") = "SecOpsSteward.Integrations.Azure", "SOSCore\SecOpsSteward.Integrations.Azure\SecOpsSteward.Integrations.Azure.csproj", "{F19EBDAB-3397-4655-AA18-55C4C1984EFC}"
EndProject
Project("{9A19103F-16F7-4668-BE54-9A1E7A4F7556}") = "SecOpsSteward.Data", "SOSWebUI\SecOpsSteward.Data\SecOpsSteward.Data.csproj", "{F75AB3F8-F316-41A0-A559-B8644CC2C9DA}"
EndProject
Project("{9A19103F-16F7-4668-BE54-9A1E7A4F7556}") = "SecOpsSteward.UI", "SOSWebUI\SecOpsSteward.UI\SecOpsSteward.UI.csproj", "{788D200B-6ABD-4AD4-8FFC-213A9EB8224A}"
EndProject
Project("{9A19103F-16F7-4668-BE54-9A1E7A4F7556}") = "SecOpsSteward.UI.WebJob", "SOSWebUI\SecOpsSteward.UI.WebJob\SecOpsSteward.UI.WebJob.csproj", "{B7EED774-11D7-4F91-A346-E92BED01FF30}"
EndProject
Project("{9A19103F-16F7-4668-BE54-9A1E7A4F7556}") = "SecOpsSteward.Coordinator.AzureFunctions", "SOSAgent-Functions\SecOpsSteward.Coordinator.AzureFunctions\SecOpsSteward.Coordinator.AzureFunctions.csproj", "{849565D7-2C38-4B75-BC14-596BB220310B}"
EndProject
Project("{9A19103F-16F7-4668-BE54-9A1E7A4F7556}") = "SecOpsSteward.Plugins", "SOSPlugins\SecOpsSteward.Plugins\SecOpsSteward.Plugins.csproj", "{81DDD303-51F6-4066-ACAE-6FF7328274FB}"
EndProject
Project("{9A19103F-16F7-4668-BE54-9A1E7A4F7556}") = "SecOpsSteward.Plugins.Azure", "SOSPlugins\SecOpsSteward.Plugins.Azure\SecOpsSteward.Plugins.Azure.csproj", "{CFB23136-65C3-4F43-ABD0-7A42EF093776}"
EndProject
Project("{9A19103F-16F7-4668-BE54-9A1E7A4F7556}") = "SecOpsSteward.Plugins.Azure.AppServices", "SOSPlugins\SecOpsSteward.Plugins.Azure.AppServices\SecOpsSteward.Plugins.Azure.AppServices.csproj", "{C0CCBAAD-E4F2-42CB-A361-6CB9AAA1BBAA}"
EndProject
Project("{9A19103F-16F7-4668-BE54-9A1E7A4F7556}") = "SecOpsSteward.Plugins.Azure.KeyVault", "SOSPlugins\SecOpsSteward.Plugins.Azure.KeyVault\SecOpsSteward.Plugins.Azure.KeyVault.csproj", "{5C4D696B-59F9-4A0C-A854-2692009DF282}"
EndProject
Project("{9A19103F-16F7-4668-BE54-9A1E7A4F7556}") = "SecOpsSteward.Plugins.Azure.Storage", "SOSPlugins\SecOpsSteward.Plugins.Azure.Storage\SecOpsSteward.Plugins.Azure.Storage.csproj", "{7FD7641E-15F5-4DBF-8C3D-F6569DC7C16C}"
EndProject
Project("{9A19103F-16F7-4668-BE54-9A1E7A4F7556}") = "SecOpsSteward.Plugins.DeveloperExample", "SOSPlugins\SecOpsSteward.Plugins.DeveloperExample\SecOpsSteward.Plugins.DeveloperExample.csproj", "{76B20B9B-326C-45EE-AA4D-186FCAADD24F}"
EndProject
Project("{9A19103F-16F7-4668-BE54-9A1E7A4F7556}") = "SecOpsSteward.Shared", "SOSCore\SecOpsSteward.Shared\SecOpsSteward.Shared.csproj", "{5DBF1B06-C575-4A89-9EF0-C43CF3E7D591}"
EndProject
Global
	GlobalSection(SolutionConfigurationPlatforms) = preSolution
		Debug|Any CPU = Debug|Any CPU
		Release|Any CPU = Release|Any CPU
	EndGlobalSection
	GlobalSection(ProjectConfigurationPlatforms) = postSolution
		{DF5A9625-73C7-44C8-B65F-FD6F375BA8E1}.Debug|Any CPU.ActiveCfg = Debug|Any CPU
		{DF5A9625-73C7-44C8-B65F-FD6F375BA8E1}.Debug|Any CPU.Build.0 = Debug|Any CPU
		{DF5A9625-73C7-44C8-B65F-FD6F375BA8E1}.Release|Any CPU.ActiveCfg = Release|Any CPU
		{DF5A9625-73C7-44C8-B65F-FD6F375BA8E1}.Release|Any CPU.Build.0 = Release|Any CPU
		{108275B0-37B3-42B6-8D20-D579641FED8B}.Debug|Any CPU.ActiveCfg = Debug|Any CPU
		{108275B0-37B3-42B6-8D20-D579641FED8B}.Debug|Any CPU.Build.0 = Debug|Any CPU
		{108275B0-37B3-42B6-8D20-D579641FED8B}.Release|Any CPU.ActiveCfg = Release|Any CPU
		{108275B0-37B3-42B6-8D20-D579641FED8B}.Release|Any CPU.Build.0 = Release|Any CPU
		{2F43EAA7-396F-4795-AA1B-7616EC65F6B4}.Debug|Any CPU.ActiveCfg = Debug|Any CPU
		{2F43EAA7-396F-4795-AA1B-7616EC65F6B4}.Debug|Any CPU.Build.0 = Debug|Any CPU
		{2F43EAA7-396F-4795-AA1B-7616EC65F6B4}.Release|Any CPU.ActiveCfg = Release|Any CPU
		{2F43EAA7-396F-4795-AA1B-7616EC65F6B4}.Release|Any CPU.Build.0 = Release|Any CPU
		{F19EBDAB-3397-4655-AA18-55C4C1984EFC}.Debug|Any CPU.ActiveCfg = Debug|Any CPU
		{F19EBDAB-3397-4655-AA18-55C4C1984EFC}.Debug|Any CPU.Build.0 = Debug|Any CPU
		{F19EBDAB-3397-4655-AA18-55C4C1984EFC}.Release|Any CPU.ActiveCfg = Release|Any CPU
		{F19EBDAB-3397-4655-AA18-55C4C1984EFC}.Release|Any CPU.Build.0 = Release|Any CPU
		{F75AB3F8-F316-41A0-A559-B8644CC2C9DA}.Debug|Any CPU.ActiveCfg = Debug|Any CPU
		{F75AB3F8-F316-41A0-A559-B8644CC2C9DA}.Debug|Any CPU.Build.0 = Debug|Any CPU
		{F75AB3F8-F316-41A0-A559-B8644CC2C9DA}.Release|Any CPU.ActiveCfg = Release|Any CPU
		{F75AB3F8-F316-41A0-A559-B8644CC2C9DA}.Release|Any CPU.Build.0 = Release|Any CPU
		{788D200B-6ABD-4AD4-8FFC-213A9EB8224A}.Debug|Any CPU.ActiveCfg = Debug|Any CPU
		{788D200B-6ABD-4AD4-8FFC-213A9EB8224A}.Debug|Any CPU.Build.0 = Debug|Any CPU
		{788D200B-6ABD-4AD4-8FFC-213A9EB8224A}.Release|Any CPU.ActiveCfg = Release|Any CPU
		{788D200B-6ABD-4AD4-8FFC-213A9EB8224A}.Release|Any CPU.Build.0 = Release|Any CPU
		{B7EED774-11D7-4F91-A346-E92BED01FF30}.Debug|Any CPU.ActiveCfg = Debug|Any CPU
		{B7EED774-11D7-4F91-A346-E92BED01FF30}.Debug|Any CPU.Build.0 = Debug|Any CPU
		{B7EED774-11D7-4F91-A346-E92BED01FF30}.Release|Any CPU.ActiveCfg = Release|Any CPU
		{B7EED774-11D7-4F91-A346-E92BED01FF30}.Release|Any CPU.Build.0 = Release|Any CPU
		{849565D7-2C38-4B75-BC14-596BB220310B}.Debug|Any CPU.ActiveCfg = Debug|Any CPU
		{849565D7-2C38-4B75-BC14-596BB220310B}.Debug|Any CPU.Build.0 = Debug|Any CPU
		{849565D7-2C38-4B75-BC14-596BB220310B}.Release|Any CPU.ActiveCfg = Release|Any CPU
		{849565D7-2C38-4B75-BC14-596BB220310B}.Release|Any CPU.Build.0 = Release|Any CPU
		{81DDD303-51F6-4066-ACAE-6FF7328274FB}.Debug|Any CPU.ActiveCfg = Debug|Any CPU
		{81DDD303-51F6-4066-ACAE-6FF7328274FB}.Debug|Any CPU.Build.0 = Debug|Any CPU
		{81DDD303-51F6-4066-ACAE-6FF7328274FB}.Release|Any CPU.ActiveCfg = Release|Any CPU
		{81DDD303-51F6-4066-ACAE-6FF7328274FB}.Release|Any CPU.Build.0 = Release|Any CPU
		{CFB23136-65C3-4F43-ABD0-7A42EF093776}.Debug|Any CPU.ActiveCfg = Debug|Any CPU
		{CFB23136-65C3-4F43-ABD0-7A42EF093776}.Debug|Any CPU.Build.0 = Debug|Any CPU
		{CFB23136-65C3-4F43-ABD0-7A42EF093776}.Release|Any CPU.ActiveCfg = Release|Any CPU
		{CFB23136-65C3-4F43-ABD0-7A42EF093776}.Release|Any CPU.Build.0 = Release|Any CPU
		{C0CCBAAD-E4F2-42CB-A361-6CB9AAA1BBAA}.Debug|Any CPU.ActiveCfg = Debug|Any CPU
		{C0CCBAAD-E4F2-42CB-A361-6CB9AAA1BBAA}.Debug|Any CPU.Build.0 = Debug|Any CPU
		{C0CCBAAD-E4F2-42CB-A361-6CB9AAA1BBAA}.Release|Any CPU.ActiveCfg = Release|Any CPU
		{C0CCBAAD-E4F2-42CB-A361-6CB9AAA1BBAA}.Release|Any CPU.Build.0 = Release|Any CPU
		{5C4D696B-59F9-4A0C-A854-2692009DF282}.Debug|Any CPU.ActiveCfg = Debug|Any CPU
		{5C4D696B-59F9-4A0C-A854-2692009DF282}.Debug|Any CPU.Build.0 = Debug|Any CPU
		{5C4D696B-59F9-4A0C-A854-2692009DF282}.Release|Any CPU.ActiveCfg = Release|Any CPU
		{5C4D696B-59F9-4A0C-A854-2692009DF282}.Release|Any CPU.Build.0 = Release|Any CPU
		{7FD7641E-15F5-4DBF-8C3D-F6569DC7C16C}.Debug|Any CPU.ActiveCfg = Debug|Any CPU
		{7FD7641E-15F5-4DBF-8C3D-F6569DC7C16C}.Debug|Any CPU.Build.0 = Debug|Any CPU
		{7FD7641E-15F5-4DBF-8C3D-F6569DC7C16C}.Release|Any CPU.ActiveCfg = Release|Any CPU
		{7FD7641E-15F5-4DBF-8C3D-F6569DC7C16C}.Release|Any CPU.Build.0 = Release|Any CPU
		{76B20B9B-326C-45EE-AA4D-186FCAADD24F}.Debug|Any CPU.ActiveCfg = Debug|Any CPU
		{76B20B9B-326C-45EE-AA4D-186FCAADD24F}.Debug|Any CPU.Build.0 = Debug|Any CPU
		{76B20B9B-326C-45EE-AA4D-186FCAADD24F}.Release|Any CPU.ActiveCfg = Release|Any CPU
		{76B20B9B-326C-45EE-AA4D-186FCAADD24F}.Release|Any CPU.Build.0 = Release|Any CPU
		{5DBF1B06-C575-4A89-9EF0-C43CF3E7D591}.Debug|Any CPU.ActiveCfg = Debug|Any CPU
		{5DBF1B06-C575-4A89-9EF0-C43CF3E7D591}.Debug|Any CPU.Build.0 = Debug|Any CPU
		{5DBF1B06-C575-4A89-9EF0-C43CF3E7D591}.Release|Any CPU.ActiveCfg = Release|Any CPU
		{5DBF1B06-C575-4A89-9EF0-C43CF3E7D591}.Release|Any CPU.Build.0 = Release|Any CPU
	EndGlobalSection
	GlobalSection(SolutionProperties) = preSolution
		HideSolutionNode = FALSE
	EndGlobalSection
	GlobalSection(NestedProjects) = preSolution
		{DF5A9625-73C7-44C8-B65F-FD6F375BA8E1} = {38629EEF-5B3B-47CF-BD23-42EDA90E3138}
		{108275B0-37B3-42B6-8D20-D579641FED8B} = {38629EEF-5B3B-47CF-BD23-42EDA90E3138}
		{2F43EAA7-396F-4795-AA1B-7616EC65F6B4} = {2ED9A5CD-647B-4C00-9838-59878DAAD57F}
		{F19EBDAB-3397-4655-AA18-55C4C1984EFC} = {B4779487-132B-4E15-B23A-EBA19A2FEB6B}
		{F75AB3F8-F316-41A0-A559-B8644CC2C9DA} = {76CCCBB8-6AD0-4EEF-AED9-D317658CB7DD}
		{788D200B-6ABD-4AD4-8FFC-213A9EB8224A} = {76CCCBB8-6AD0-4EEF-AED9-D317658CB7DD}
		{B7EED774-11D7-4F91-A346-E92BED01FF30} = {76CCCBB8-6AD0-4EEF-AED9-D317658CB7DD}
		{849565D7-2C38-4B75-BC14-596BB220310B} = {C0D8198C-F976-41FE-9D3C-63D75B28531F}
		{81DDD303-51F6-4066-ACAE-6FF7328274FB} = {990B590B-2000-45FC-9B31-8E58D9C6C0F9}
		{CFB23136-65C3-4F43-ABD0-7A42EF093776} = {990B590B-2000-45FC-9B31-8E58D9C6C0F9}
		{C0CCBAAD-E4F2-42CB-A361-6CB9AAA1BBAA} = {990B590B-2000-45FC-9B31-8E58D9C6C0F9}
		{5C4D696B-59F9-4A0C-A854-2692009DF282} = {990B590B-2000-45FC-9B31-8E58D9C6C0F9}
		{7FD7641E-15F5-4DBF-8C3D-F6569DC7C16C} = {990B590B-2000-45FC-9B31-8E58D9C6C0F9}
		{76B20B9B-326C-45EE-AA4D-186FCAADD24F} = {990B590B-2000-45FC-9B31-8E58D9C6C0F9}
	EndGlobalSection
	GlobalSection(ExtensibilityGlobals) = postSolution
		SolutionGuid = {1E0DADCA-27ED-4885-88CD-26544BF78B4F}
	EndGlobalSection
EndGlobal
